
Microsoft Visual Studio Solution File, Format Version 12.00
# Visual Studio Version 16
VisualStudioVersion = 16.0.31005.135
MinimumVisualStudioVersion = 10.0.40219.1
Project("{FAE04EC0-301F-11D3-BF4B-00C04F79EFBC}") = "GestaoVendas.Cap03", "GestaoVendas.Cap03\GestaoVendas.Cap03.csproj", "{3872A3CB-58CD-4CE5-9966-33408CD40FF7}"
EndProject
Global
	GlobalSection(SolutionConfigurationPlatforms) = preSolution
		Debug|Any CPU = Debug|Any CPU
		Release|Any CPU = Release|Any CPU
	EndGlobalSection
	GlobalSection(ProjectConfigurationPlatforms) = postSolution
		{3872A3CB-58CD-4CE5-9966-33408CD40FF7}.Debug|Any CPU.ActiveCfg = Debug|Any CPU
		{3872A3CB-58CD-4CE5-9966-33408CD40FF7}.Debug|Any CPU.Build.0 = Debug|Any CPU
		{3872A3CB-58CD-4CE5-9966-33408CD40FF7}.Release|Any CPU.ActiveCfg = Release|Any CPU
		{3872A3CB-58CD-4CE5-9966-33408CD40FF7}.Release|Any CPU.Build.0 = Release|Any CPU
	EndGlobalSection
	GlobalSection(SolutionProperties) = preSolution
		HideSolutionNode = FALSE
	EndGlobalSection
	GlobalSection(ExtensibilityGlobals) = postSolution
		SolutionGuid = {1627751A-CE21-4120-9354-A280965AEC1D}
	EndGlobalSection
EndGlobal
